{
  "name": "jscad-playground",
  "version": "1.0.0",
  "lockfileVersion": 2,
  "requires": true,
  "packages": {
    "": {
      "name": "jscad-playground",
      "version": "1.0.0",
      "license": "ISC",
      "dependencies": {
        "@jscad/modeling": "^2.8.0"
      },
      "devDependencies": {
        "@jscad/cli": "^2.2.15"
      }
    },
    "node_modules/@jscad/amf-deserializer": {
      "version": "2.2.7",
      "resolved": "https://registry.npmjs.org/@jscad/amf-deserializer/-/amf-deserializer-2.2.7.tgz",
      "integrity": "sha512-N0HuUmhEA2AI9W+vso0i2Pk/X68AUp1N+5j4MiGth9fT5GTw7xFNcyfoKV2TDW2IfdlOQb5vk01pss04cqQUAQ==",
      "dev": true,
      "dependencies": {
        "@jscad/modeling": "2.8.0",
        "saxes": "5.0.1"
      }
    },
    "node_modules/@jscad/amf-serializer": {
      "version": "2.1.4",
      "resolved": "https://registry.npmjs.org/@jscad/amf-serializer/-/amf-serializer-2.1.4.tgz",
      "integrity": "sha512-csIhILDjhGJp1AYtXMUMcVhjYh85edHFpKDL9l3gqem0Yf3iWk1solWMyW5gsA1TrOyt7AX70BQ6MxRC9EJaHA==",
      "dev": true,
      "dependencies": {
        "@jscad/array-utils": "2.1.2",
        "@jscad/modeling": "2.8.0",
        "onml": "1.2.0"
      }
    },
    "node_modules/@jscad/array-utils": {
      "version": "2.1.2",
      "resolved": "https://registry.npmjs.org/@jscad/array-utils/-/array-utils-2.1.2.tgz",
      "integrity": "sha512-dHukZ6Z7jBMHt6+6W30M0aujnncU/08C7LN/aqh7t/itA2qyYrhM7FqfRWMesmXzE6ZZYmfl1zNpA3aMDgNk6Q==",
      "dev": true
    },
    "node_modules/@jscad/cli": {
      "version": "2.2.15",
      "resolved": "https://registry.npmjs.org/@jscad/cli/-/cli-2.2.15.tgz",
      "integrity": "sha512-4GmlrMig2O9ySDpnpS+9z/DnNUgf92H3my1soppzmREru03t2SVOuIPk4mh0TE4SF4d9rrEMY3V25OAOzAt4cg==",
      "dev": true,
      "hasInstallScript": true,
      "dependencies": {
        "@jscad/array-utils": "2.1.2",
        "@jscad/core": "2.5.5",
        "@jscad/io": "2.2.5",
        "@jscad/modeling": "2.8.0"
      },
      "bin": {
        "jscad": "cli.js"
      }
    },
    "node_modules/@jscad/core": {
      "version": "2.5.5",
      "resolved": "https://registry.npmjs.org/@jscad/core/-/core-2.5.5.tgz",
      "integrity": "sha512-7AwIUgVnhtVrneOAmoGnkdreTwULAL65MsuB9H4P+YTpcqYZ4mk8x1OuUl2DuYlsb13RH+RrulvQI+cKjKZvxw==",
      "dev": true,
      "dependencies": {
        "@jscad/array-utils": "2.1.2",
        "@jscad/io": "2.2.5",
        "@jscad/io-utils": "2.0.14",
        "@jscad/modeling": "2.8.0",
        "json5": "2.2.0",
        "strip-bom": "4.0.0"
      }
    },
    "node_modules/@jscad/dxf-deserializer": {
      "version": "2.3.11",
      "resolved": "https://registry.npmjs.org/@jscad/dxf-deserializer/-/dxf-deserializer-2.3.11.tgz",
      "integrity": "sha512-HolY5AkNJol3epRrCDy9Vhme8EQXXq0t9dM23vHvbAA398aSV9o++RYfK+xak+2UzPAyydwCmrr7uHtxAO+wWQ==",
      "dev": true,
      "dependencies": {
        "@jscad/modeling": "2.8.0"
      }
    },
    "node_modules/@jscad/dxf-serializer": {
      "version": "2.1.4",
      "resolved": "https://registry.npmjs.org/@jscad/dxf-serializer/-/dxf-serializer-2.1.4.tgz",
      "integrity": "sha512-gCt7hwsQIPc20KqoQKW13RIAQxpub6C0ntvg5VNMYozGkbTlAoFt8Rq3/35UJeKFvR0zFjsZvXbpx7MnGEu9Vw==",
      "dev": true,
      "dependencies": {
        "@jscad/array-utils": "2.1.2",
        "@jscad/modeling": "2.8.0"
      }
    },
    "node_modules/@jscad/io": {
      "version": "2.2.5",
      "resolved": "https://registry.npmjs.org/@jscad/io/-/io-2.2.5.tgz",
      "integrity": "sha512-rrOlpucVxW/afcpKhVIijyR4LwDbinBDMiuEEhVlwhS2AN3KykD2sKEdM/aDxdZQ3MqfKNafc/Op6L7E1R8nSw==",
      "dev": true,
      "dependencies": {
        "@jscad/amf-deserializer": "2.2.7",
        "@jscad/amf-serializer": "2.1.4",
        "@jscad/array-utils": "2.1.2",
        "@jscad/dxf-deserializer": "2.3.11",
        "@jscad/dxf-serializer": "2.1.4",
        "@jscad/io-utils": "2.0.14",
        "@jscad/json-deserializer": "2.0.15",
        "@jscad/json-serializer": "2.0.14",
        "@jscad/modeling": "2.8.0",
        "@jscad/obj-deserializer": "2.0.14",
        "@jscad/obj-serializer": "2.1.4",
        "@jscad/stl-deserializer": "2.1.11",
        "@jscad/stl-serializer": "2.1.4",
        "@jscad/svg-deserializer": "2.4.7",
        "@jscad/svg-serializer": "2.3.2",
        "@jscad/x3d-deserializer": "2.1.3",
        "@jscad/x3d-serializer": "2.3.4"
      }
    },
    "node_modules/@jscad/io-utils": {
      "version": "2.0.14",
      "resolved": "https://registry.npmjs.org/@jscad/io-utils/-/io-utils-2.0.14.tgz",
      "integrity": "sha512-HadMSxNpIQtmrrqPDBsb1c08cyzjQCPs/2AtMIBTQ5F12214nEmCelu2Oz48HtR/R5hpTzo3AjCNOFLYfzr9Ig==",
      "dev": true
    },
    "node_modules/@jscad/json-deserializer": {
      "version": "2.0.15",
      "resolved": "https://registry.npmjs.org/@jscad/json-deserializer/-/json-deserializer-2.0.15.tgz",
      "integrity": "sha512-8Hn77tVWLHPGsd1hzQM7K3PfsEvtz0UJbb3l9Kf98CckmNbr31Xirnjhqpn8n8hPzLfuko3GKnZPaPCR1wC1mA==",
      "dev": true,
      "dependencies": {
        "@jscad/array-utils": "2.1.2"
      }
    },
    "node_modules/@jscad/json-serializer": {
      "version": "2.0.14",
      "resolved": "https://registry.npmjs.org/@jscad/json-serializer/-/json-serializer-2.0.14.tgz",
      "integrity": "sha512-XGL4mKpWLRFInyNtqkNKlvJhFZMJn53XwpFOZ7DzsC8SCwktHX/zcojPkQKvzXpvvzXakTRd/dCfIZa7/Hdamw==",
      "dev": true,
      "dependencies": {
        "@jscad/modeling": "2.8.0"
      }
    },
    "node_modules/@jscad/modeling": {
      "version": "2.8.0",
      "resolved": "https://registry.npmjs.org/@jscad/modeling/-/modeling-2.8.0.tgz",
      "integrity": "sha512-RSa9TwULUvIWdX5c0n4AArSQ718CHKeDvC3cagJZuRX0pTgQ9KU6ZZCFY3mWPeETyEbqmgLMQ1cpFH2A1IfafA=="
    },
    "node_modules/@jscad/obj-deserializer": {
      "version": "2.0.14",
      "resolved": "https://registry.npmjs.org/@jscad/obj-deserializer/-/obj-deserializer-2.0.14.tgz",
      "integrity": "sha512-R5Ux+JpczNfQZPqt6/SUovD5cWQSY42zQFnS8FG/iN+/a9IZ4f+a+QjegYDI2BW973jPK7M+WpIrAfoGY7O3kA==",
      "dev": true,
      "dependencies": {
        "@jscad/modeling": "2.8.0"
      }
    },
    "node_modules/@jscad/obj-serializer": {
      "version": "2.1.4",
      "resolved": "https://registry.npmjs.org/@jscad/obj-serializer/-/obj-serializer-2.1.4.tgz",
      "integrity": "sha512-4K5wDwNegMlj1Uw0ZWUXTAQtxzAaDNbPK2TzSN0DrpwNr/hGQgSH76rrK2dViAbc0qBDXI1hg6r6BhvO6hY7ZA==",
      "dev": true,
      "dependencies": {
        "@jscad/array-utils": "2.1.2",
        "@jscad/modeling": "2.8.0"
      }
    },
    "node_modules/@jscad/stl-deserializer": {
      "version": "2.1.11",
      "resolved": "https://registry.npmjs.org/@jscad/stl-deserializer/-/stl-deserializer-2.1.11.tgz",
      "integrity": "sha512-qCwwlXJ31+K3xXuwR6ri0Z5m69KOEM+dIUfDqJdF84NhskrSTTaxbpaJvg3NSyFwWOgIzw6n5KGrqNY/aPGoOg==",
      "dev": true,
      "dependencies": {
        "@jscad/io-utils": "2.0.14",
        "@jscad/modeling": "2.8.0"
      }
    },
    "node_modules/@jscad/stl-serializer": {
      "version": "2.1.4",
      "resolved": "https://registry.npmjs.org/@jscad/stl-serializer/-/stl-serializer-2.1.4.tgz",
      "integrity": "sha512-EZEM/KfHKdkMF1P5C3YwgPtqx16Rq+oLABhOfTuNGOeas9TyxOUzsay0M5foehXhTlGWwF4pIOPxZsN50ELq9A==",
      "dev": true,
      "dependencies": {
        "@jscad/array-utils": "2.1.2",
        "@jscad/modeling": "2.8.0"
      }
    },
    "node_modules/@jscad/svg-deserializer": {
      "version": "2.4.7",
      "resolved": "https://registry.npmjs.org/@jscad/svg-deserializer/-/svg-deserializer-2.4.7.tgz",
      "integrity": "sha512-oF6Xv8br/jYmuf9AIsbCbS+4B+xEqIq4BoWUcaQZ3z8e7i5uDeDVSiFA2iFIxIndkiSkxXgOR2x5zpotHAqy9w==",
      "dev": true,
      "dependencies": {
        "@jscad/array-utils": "2.1.2",
        "@jscad/modeling": "2.8.0",
        "saxes": "5.0.1"
      }
    },
    "node_modules/@jscad/svg-serializer": {
      "version": "2.3.2",
      "resolved": "https://registry.npmjs.org/@jscad/svg-serializer/-/svg-serializer-2.3.2.tgz",
      "integrity": "sha512-PhQj4caVRNm+WbKRcUUzvRP79egDyu5fo1Uepj4pQN9y29smVzqSP4rE8V+u2F3mMkpsCnmiVDEQOR/AguzI4g==",
      "dev": true,
      "dependencies": {
        "@jscad/modeling": "2.8.0",
        "onml": "1.2.0"
      }
    },
    "node_modules/@jscad/x3d-deserializer": {
      "version": "2.1.3",
      "resolved": "https://registry.npmjs.org/@jscad/x3d-deserializer/-/x3d-deserializer-2.1.3.tgz",
      "integrity": "sha512-i/Bo/wurSRBjtUiO35KekRLR35L6K/PFAagcDQQYLsSBSfVQbcdg+dOKZejlsn05g6G+PfnGEyurJ1Nw+rlf+A==",
      "dev": true,
      "dependencies": {
        "@jscad/array-utils": "2.1.2",
        "@jscad/modeling": "2.4.0",
        "saxes": "5.0.1"
      }
    },
    "node_modules/@jscad/x3d-deserializer/node_modules/@jscad/modeling": {
      "version": "2.4.0",
      "resolved": "https://registry.npmjs.org/@jscad/modeling/-/modeling-2.4.0.tgz",
      "integrity": "sha512-B0/FUAFiqis4wJ0jZLXuGwGibcjKFcI9iGGoLqt7vRpG2QEVUcRyWu7awE0mTdlPAGTL9AwKt3JkGC/MgLYDng==",
      "dev": true
    },
    "node_modules/@jscad/x3d-serializer": {
      "version": "2.3.4",
      "resolved": "https://registry.npmjs.org/@jscad/x3d-serializer/-/x3d-serializer-2.3.4.tgz",
      "integrity": "sha512-YxKiLXxKaHpcD0yrU/pSKHksvyFOVzberiturNanlRvk+4dNWBMzIIw2GHnmZqE384JLQieVYrwVVQb7BPWaFw==",
      "dev": true,
      "dependencies": {
        "@jscad/array-utils": "2.1.2",
        "@jscad/modeling": "2.8.0",
        "onml": "1.2.0"
      }
    },
    "node_modules/json5": {
      "version": "2.2.0",
      "resolved": "https://registry.npmjs.org/json5/-/json5-2.2.0.tgz",
      "integrity": "sha512-f+8cldu7X/y7RAJurMEJmdoKXGB/X550w2Nr3tTbezL6RwEE/iMcm+tZnXeoZtKuOq6ft8+CqzEkrIgx1fPoQA==",
      "dev": true,
      "dependencies": {
        "minimist": "^1.2.5"
      },
      "bin": {
        "json5": "lib/cli.js"
      },
      "engines": {
        "node": ">=6"
      }
    },
    "node_modules/minimist": {
      "version": "1.2.5",
      "resolved": "https://registry.npmjs.org/minimist/-/minimist-1.2.5.tgz",
      "integrity": "sha512-FM9nNUYrRBAELZQT3xeZQ7fmMOBg6nWNmJKTcgsJeaLstP/UODVpGsr5OhXhhXg6f+qtJ8uiZ+PUxkDWcgIXLw==",
      "dev": true
    },
    "node_modules/onml": {
      "version": "1.2.0",
      "resolved": "https://registry.npmjs.org/onml/-/onml-1.2.0.tgz",
      "integrity": "sha512-olqYAg18XoHAhm7tK9DdBCOVdts70DGmMgCNLOWyqZokht2utgGSKBB4JHi6pBZpmioAhcYlxK+91L3tsrz+GA==",
      "dev": true,
      "dependencies": {
        "sax": "^1.2.1"
      }
    },
    "node_modules/sax": {
      "version": "1.2.4",
      "resolved": "https://registry.npmjs.org/sax/-/sax-1.2.4.tgz",
      "integrity": "sha512-NqVDv9TpANUjFm0N8uM5GxL36UgKi9/atZw+x7YFnQ8ckwFGKrl4xX4yWtrey3UJm5nP1kUbnYgLopqWNSRhWw==",
      "dev": true
    },
    "node_modules/saxes": {
      "version": "5.0.1",
      "resolved": "https://registry.npmjs.org/saxes/-/saxes-5.0.1.tgz",
      "integrity": "sha512-5LBh1Tls8c9xgGjw3QrMwETmTMVk0oFgvrFSvWx62llR2hcEInrKNZ2GZCCuuy2lvWrdl5jhbpeqc5hRYKFOcw==",
      "dev": true,
      "dependencies": {
        "xmlchars": "^2.2.0"
      },
      "engines": {
        "node": ">=10"
      }
    },
    "node_modules/strip-bom": {
      "version": "4.0.0",
      "resolved": "https://registry.npmjs.org/strip-bom/-/strip-bom-4.0.0.tgz",
      "integrity": "sha512-3xurFv5tEgii33Zi8Jtp55wEIILR9eh34FAW00PZf+JnSsTmV/ioewSgQl97JHvgjoRGwPShsWm+IdrxB35d0w==",
      "dev": true,
      "engines": {
        "node": ">=8"
      }
    },
    "node_modules/xmlchars": {
      "version": "2.2.0",
      "resolved": "https://registry.npmjs.org/xmlchars/-/xmlchars-2.2.0.tgz",
      "integrity": "sha512-JZnDKK8B0RCDw84FNdDAIpZK+JuJw+s7Lz8nksI7SIuU3UXJJslUthsi+uWBUYOwPFwW7W7PRLRfUKpxjtjFCw==",
      "dev": true
    }
  },
  "dependencies": {
    "@jscad/amf-deserializer": {
      "version": "2.2.7",
      "resolved": "https://registry.npmjs.org/@jscad/amf-deserializer/-/amf-deserializer-2.2.7.tgz",
      "integrity": "sha512-N0HuUmhEA2AI9W+vso0i2Pk/X68AUp1N+5j4MiGth9fT5GTw7xFNcyfoKV2TDW2IfdlOQb5vk01pss04cqQUAQ==",
      "dev": true,
      "requires": {
        "@jscad/modeling": "2.8.0",
        "saxes": "5.0.1"
      }
    },
    "@jscad/amf-serializer": {
      "version": "2.1.4",
      "resolved": "https://registry.npmjs.org/@jscad/amf-serializer/-/amf-serializer-2.1.4.tgz",
      "integrity": "sha512-csIhILDjhGJp1AYtXMUMcVhjYh85edHFpKDL9l3gqem0Yf3iWk1solWMyW5gsA1TrOyt7AX70BQ6MxRC9EJaHA==",
      "dev": true,
      "requires": {
        "@jscad/array-utils": "2.1.2",
        "@jscad/modeling": "2.8.0",
        "onml": "1.2.0"
      }
    },
    "@jscad/array-utils": {
      "version": "2.1.2",
      "resolved": "https://registry.npmjs.org/@jscad/array-utils/-/array-utils-2.1.2.tgz",
      "integrity": "sha512-dHukZ6Z7jBMHt6+6W30M0aujnncU/08C7LN/aqh7t/itA2qyYrhM7FqfRWMesmXzE6ZZYmfl1zNpA3aMDgNk6Q==",
      "dev": true
    },
    "@jscad/cli": {
      "version": "2.2.15",
      "resolved": "https://registry.npmjs.org/@jscad/cli/-/cli-2.2.15.tgz",
      "integrity": "sha512-4GmlrMig2O9ySDpnpS+9z/DnNUgf92H3my1soppzmREru03t2SVOuIPk4mh0TE4SF4d9rrEMY3V25OAOzAt4cg==",
      "dev": true,
      "requires": {
        "@jscad/array-utils": "2.1.2",
        "@jscad/core": "2.5.5",
        "@jscad/io": "2.2.5",
        "@jscad/modeling": "2.8.0"
      }
    },
    "@jscad/core": {
      "version": "2.5.5",
      "resolved": "https://registry.npmjs.org/@jscad/core/-/core-2.5.5.tgz",
      "integrity": "sha512-7AwIUgVnhtVrneOAmoGnkdreTwULAL65MsuB9H4P+YTpcqYZ4mk8x1OuUl2DuYlsb13RH+RrulvQI+cKjKZvxw==",
      "dev": true,
      "requires": {
        "@jscad/array-utils": "2.1.2",
        "@jscad/io": "2.2.5",
        "@jscad/io-utils": "2.0.14",
        "@jscad/modeling": "2.8.0",
        "json5": "2.2.0",
        "strip-bom": "4.0.0"
      }
    },
    "@jscad/dxf-deserializer": {
      "version": "2.3.11",
      "resolved": "https://registry.npmjs.org/@jscad/dxf-deserializer/-/dxf-deserializer-2.3.11.tgz",
      "integrity": "sha512-HolY5AkNJol3epRrCDy9Vhme8EQXXq0t9dM23vHvbAA398aSV9o++RYfK+xak+2UzPAyydwCmrr7uHtxAO+wWQ==",
      "dev": true,
      "requires": {
        "@jscad/modeling": "2.8.0"
      }
    },
    "@jscad/dxf-serializer": {
      "version": "2.1.4",
      "resolved": "https://registry.npmjs.org/@jscad/dxf-serializer/-/dxf-serializer-2.1.4.tgz",
      "integrity": "sha512-gCt7hwsQIPc20KqoQKW13RIAQxpub6C0ntvg5VNMYozGkbTlAoFt8Rq3/35UJeKFvR0zFjsZvXbpx7MnGEu9Vw==",
      "dev": true,
      "requires": {
        "@jscad/array-utils": "2.1.2",
        "@jscad/modeling": "2.8.0"
      }
    },
    "@jscad/io": {
      "version": "2.2.5",
      "resolved": "https://registry.npmjs.org/@jscad/io/-/io-2.2.5.tgz",
      "integrity": "sha512-rrOlpucVxW/afcpKhVIijyR4LwDbinBDMiuEEhVlwhS2AN3KykD2sKEdM/aDxdZQ3MqfKNafc/Op6L7E1R8nSw==",
      "dev": true,
      "requires": {
        "@jscad/amf-deserializer": "2.2.7",
        "@jscad/amf-serializer": "2.1.4",
        "@jscad/array-utils": "2.1.2",
        "@jscad/dxf-deserializer": "2.3.11",
        "@jscad/dxf-serializer": "2.1.4",
        "@jscad/io-utils": "2.0.14",
        "@jscad/json-deserializer": "2.0.15",
        "@jscad/json-serializer": "2.0.14",
        "@jscad/modeling": "2.8.0",
        "@jscad/obj-deserializer": "2.0.14",
        "@jscad/obj-serializer": "2.1.4",
        "@jscad/stl-deserializer": "2.1.11",
        "@jscad/stl-serializer": "2.1.4",
        "@jscad/svg-deserializer": "2.4.7",
        "@jscad/svg-serializer": "2.3.2",
        "@jscad/x3d-deserializer": "2.1.3",
        "@jscad/x3d-serializer": "2.3.4"
      }
    },
    "@jscad/io-utils": {
      "version": "2.0.14",
      "resolved": "https://registry.npmjs.org/@jscad/io-utils/-/io-utils-2.0.14.tgz",
      "integrity": "sha512-HadMSxNpIQtmrrqPDBsb1c08cyzjQCPs/2AtMIBTQ5F12214nEmCelu2Oz48HtR/R5hpTzo3AjCNOFLYfzr9Ig==",
      "dev": true
    },
    "@jscad/json-deserializer": {
      "version": "2.0.15",
      "resolved": "https://registry.npmjs.org/@jscad/json-deserializer/-/json-deserializer-2.0.15.tgz",
      "integrity": "sha512-8Hn77tVWLHPGsd1hzQM7K3PfsEvtz0UJbb3l9Kf98CckmNbr31Xirnjhqpn8n8hPzLfuko3GKnZPaPCR1wC1mA==",
      "dev": true,
      "requires": {
        "@jscad/array-utils": "2.1.2"
      }
    },
    "@jscad/json-serializer": {
      "version": "2.0.14",
      "resolved": "https://registry.npmjs.org/@jscad/json-serializer/-/json-serializer-2.0.14.tgz",
      "integrity": "sha512-XGL4mKpWLRFInyNtqkNKlvJhFZMJn53XwpFOZ7DzsC8SCwktHX/zcojPkQKvzXpvvzXakTRd/dCfIZa7/Hdamw==",
      "dev": true,
      "requires": {
        "@jscad/modeling": "2.8.0"
      }
    },
    "@jscad/modeling": {
      "version": "2.8.0",
      "resolved": "https://registry.npmjs.org/@jscad/modeling/-/modeling-2.8.0.tgz",
      "integrity": "sha512-RSa9TwULUvIWdX5c0n4AArSQ718CHKeDvC3cagJZuRX0pTgQ9KU6ZZCFY3mWPeETyEbqmgLMQ1cpFH2A1IfafA=="
    },
    "@jscad/obj-deserializer": {
      "version": "2.0.14",
      "resolved": "https://registry.npmjs.org/@jscad/obj-deserializer/-/obj-deserializer-2.0.14.tgz",
      "integrity": "sha512-R5Ux+JpczNfQZPqt6/SUovD5cWQSY42zQFnS8FG/iN+/a9IZ4f+a+QjegYDI2BW973jPK7M+WpIrAfoGY7O3kA==",
      "dev": true,
      "requires": {
        "@jscad/modeling": "2.8.0"
      }
    },
    "@jscad/obj-serializer": {
      "version": "2.1.4",
      "resolved": "https://registry.npmjs.org/@jscad/obj-serializer/-/obj-serializer-2.1.4.tgz",
      "integrity": "sha512-4K5wDwNegMlj1Uw0ZWUXTAQtxzAaDNbPK2TzSN0DrpwNr/hGQgSH76rrK2dViAbc0qBDXI1hg6r6BhvO6hY7ZA==",
      "dev": true,
      "requires": {
        "@jscad/array-utils": "2.1.2",
        "@jscad/modeling": "2.8.0"
      }
    },
    "@jscad/stl-deserializer": {
      "version": "2.1.11",
      "resolved": "https://registry.npmjs.org/@jscad/stl-deserializer/-/stl-deserializer-2.1.11.tgz",
      "integrity": "sha512-qCwwlXJ31+K3xXuwR6ri0Z5m69KOEM+dIUfDqJdF84NhskrSTTaxbpaJvg3NSyFwWOgIzw6n5KGrqNY/aPGoOg==",
      "dev": true,
      "requires": {
        "@jscad/io-utils": "2.0.14",
        "@jscad/modeling": "2.8.0"
      }
    },
    "@jscad/stl-serializer": {
      "version": "2.1.4",
      "resolved": "https://registry.npmjs.org/@jscad/stl-serializer/-/stl-serializer-2.1.4.tgz",
      "integrity": "sha512-EZEM/KfHKdkMF1P5C3YwgPtqx16Rq+oLABhOfTuNGOeas9TyxOUzsay0M5foehXhTlGWwF4pIOPxZsN50ELq9A==",
      "dev": true,
      "requires": {
        "@jscad/array-utils": "2.1.2",
        "@jscad/modeling": "2.8.0"
      }
    },
    "@jscad/svg-deserializer": {
      "version": "2.4.7",
      "resolved": "https://registry.npmjs.org/@jscad/svg-deserializer/-/svg-deserializer-2.4.7.tgz",
      "integrity": "sha512-oF6Xv8br/jYmuf9AIsbCbS+4B+xEqIq4BoWUcaQZ3z8e7i5uDeDVSiFA2iFIxIndkiSkxXgOR2x5zpotHAqy9w==",
      "dev": true,
      "requires": {
        "@jscad/array-utils": "2.1.2",
        "@jscad/modeling": "2.8.0",
        "saxes": "5.0.1"
      }
    },
    "@jscad/svg-serializer": {
      "version": "2.3.2",
      "resolved": "https://registry.npmjs.org/@jscad/svg-serializer/-/svg-serializer-2.3.2.tgz",
      "integrity": "sha512-PhQj4caVRNm+WbKRcUUzvRP79egDyu5fo1Uepj4pQN9y29smVzqSP4rE8V+u2F3mMkpsCnmiVDEQOR/AguzI4g==",
      "dev": true,
      "requires": {
        "@jscad/modeling": "2.8.0",
        "onml": "1.2.0"
      }
    },
    "@jscad/x3d-deserializer": {
      "version": "2.1.3",
      "resolved": "https://registry.npmjs.org/@jscad/x3d-deserializer/-/x3d-deserializer-2.1.3.tgz",
      "integrity": "sha512-i/Bo/wurSRBjtUiO35KekRLR35L6K/PFAagcDQQYLsSBSfVQbcdg+dOKZejlsn05g6G+PfnGEyurJ1Nw+rlf+A==",
      "dev": true,
      "requires": {
        "@jscad/array-utils": "2.1.2",
        "@jscad/modeling": "2.4.0",
        "saxes": "5.0.1"
      },
      "dependencies": {
        "@jscad/modeling": {
          "version": "2.4.0",
          "resolved": "https://registry.npmjs.org/@jscad/modeling/-/modeling-2.4.0.tgz",
          "integrity": "sha512-B0/FUAFiqis4wJ0jZLXuGwGibcjKFcI9iGGoLqt7vRpG2QEVUcRyWu7awE0mTdlPAGTL9AwKt3JkGC/MgLYDng==",
          "dev": true
        }
      }
    },
    "@jscad/x3d-serializer": {
      "version": "2.3.4",
      "resolved": "https://registry.npmjs.org/@jscad/x3d-serializer/-/x3d-serializer-2.3.4.tgz",
      "integrity": "sha512-YxKiLXxKaHpcD0yrU/pSKHksvyFOVzberiturNanlRvk+4dNWBMzIIw2GHnmZqE384JLQieVYrwVVQb7BPWaFw==",
      "dev": true,
      "requires": {
        "@jscad/array-utils": "2.1.2",
        "@jscad/modeling": "2.8.0",
        "onml": "1.2.0"
      }
    },
    "json5": {
      "version": "2.2.0",
      "resolved": "https://registry.npmjs.org/json5/-/json5-2.2.0.tgz",
      "integrity": "sha512-f+8cldu7X/y7RAJurMEJmdoKXGB/X550w2Nr3tTbezL6RwEE/iMcm+tZnXeoZtKuOq6ft8+CqzEkrIgx1fPoQA==",
      "dev": true,
      "requires": {
        "minimist": "^1.2.5"
      }
    },
    "minimist": {
      "version": "1.2.5",
      "resolved": "https://registry.npmjs.org/minimist/-/minimist-1.2.5.tgz",
      "integrity": "sha512-FM9nNUYrRBAELZQT3xeZQ7fmMOBg6nWNmJKTcgsJeaLstP/UODVpGsr5OhXhhXg6f+qtJ8uiZ+PUxkDWcgIXLw==",
      "dev": true
    },
    "onml": {
      "version": "1.2.0",
      "resolved": "https://registry.npmjs.org/onml/-/onml-1.2.0.tgz",
      "integrity": "sha512-olqYAg18XoHAhm7tK9DdBCOVdts70DGmMgCNLOWyqZokht2utgGSKBB4JHi6pBZpmioAhcYlxK+91L3tsrz+GA==",
      "dev": true,
      "requires": {
        "sax": "^1.2.1"
      }
    },
    "sax": {
      "version": "1.2.4",
      "resolved": "https://registry.npmjs.org/sax/-/sax-1.2.4.tgz",
      "integrity": "sha512-NqVDv9TpANUjFm0N8uM5GxL36UgKi9/atZw+x7YFnQ8ckwFGKrl4xX4yWtrey3UJm5nP1kUbnYgLopqWNSRhWw==",
      "dev": true
    },
    "saxes": {
      "version": "5.0.1",
      "resolved": "https://registry.npmjs.org/saxes/-/saxes-5.0.1.tgz",
      "integrity": "sha512-5LBh1Tls8c9xgGjw3QrMwETmTMVk0oFgvrFSvWx62llR2hcEInrKNZ2GZCCuuy2lvWrdl5jhbpeqc5hRYKFOcw==",
      "dev": true,
      "requires": {
        "xmlchars": "^2.2.0"
      }
    },
    "strip-bom": {
      "version": "4.0.0",
      "resolved": "https://registry.npmjs.org/strip-bom/-/strip-bom-4.0.0.tgz",
      "integrity": "sha512-3xurFv5tEgii33Zi8Jtp55wEIILR9eh34FAW00PZf+JnSsTmV/ioewSgQl97JHvgjoRGwPShsWm+IdrxB35d0w==",
      "dev": true
    },
    "xmlchars": {
      "version": "2.2.0",
      "resolved": "https://registry.npmjs.org/xmlchars/-/xmlchars-2.2.0.tgz",
      "integrity": "sha512-JZnDKK8B0RCDw84FNdDAIpZK+JuJw+s7Lz8nksI7SIuU3UXJJslUthsi+uWBUYOwPFwW7W7PRLRfUKpxjtjFCw==",
      "dev": true
    }
  }
}
